// !$*UTF8*$!
{
	archiveVersion = 1;
	classes = {
	};
	objectVersion = 50;
	objects = {

/* Begin PBXBuildFile section */
		BBB650B926A428310048E7EA /* Dicee_SwiftUIApp.swift in Sources */ = {isa = PBXBuildFile; fileRef = BBB650B826A428310048E7EA /* Dicee_SwiftUIApp.swift */; };
		BBB650BB26A428310048E7EA /* ContentView.swift in Sources */ = {isa = PBXBuildFile; fileRef = BBB650BA26A428310048E7EA /* ContentView.swift */; };
		BBB650BD26A428340048E7EA /* Assets.xcassets in Resources */ = {isa = PBXBuildFile; fileRef = BBB650BC26A428340048E7EA /* Assets.xcassets */; };
		BBB650C026A428340048E7EA /* Preview Assets.xcassets in Resources */ = {isa = PBXBuildFile; fileRef = BBB650BF26A428340048E7EA /* Preview Assets.xcassets */; };
		BBB650CB26A428340048E7EA /* Dicee_SwiftUITests.swift in Sources */ = {isa = PBXBuildFile; fileRef = BBB650CA26A428340048E7EA /* Dicee_SwiftUITests.swift */; };
		BBB650D626A428340048E7EA /* Dicee_SwiftUIUITests.swift in Sources */ = {isa = PBXBuildFile; fileRef = BBB650D526A428340048E7EA /* Dicee_SwiftUIUITests.swift */; };
/* End PBXBuildFile section */

/* Begin PBXContainerItemProxy section */
		BBB650C726A428340048E7EA /* PBXContainerItemProxy */ = {
			isa = PBXContainerItemProxy;
			containerPortal = BBB650AD26A428310048E7EA /* Project object */;
			proxyType = 1;
			remoteGlobalIDString = BBB650B426A428310048E7EA;
			remoteInfo = "Dicee-SwiftUI";
		};
		BBB650D226A428340048E7EA /* PBXContainerItemProxy */ = {
			isa = PBXContainerItemProxy;
			containerPortal = BBB650AD26A428310048E7EA /* Project object */;
			proxyType = 1;
			remoteGlobalIDString = BBB650B426A428310048E7EA;
			remoteInfo = "Dicee-SwiftUI";
		};
/* End PBXContainerItemProxy section */

/* Begin PBXFileReference section */
		BBB650B526A428310048E7EA /* Dicee-SwiftUI.app */ = {isa = PBXFileReference; explicitFileType = wrapper.application; includeInIndex = 0; path = "Dicee-SwiftUI.app"; sourceTree = BUILT_PRODUCTS_DIR; };
		BBB650B826A428310048E7EA /* Dicee_SwiftUIApp.swift */ = {isa = PBXFileReference; lastKnownFileType = sourcecode.swift; path = Dicee_SwiftUIApp.swift; sourceTree = "<group>"; };
		BBB650BA26A428310048E7EA /* ContentView.swift */ = {isa = PBXFileReference; lastKnownFileType = sourcecode.swift; path = ContentView.swift; sourceTree = "<group>"; };
		BBB650BC26A428340048E7EA /* Assets.xcassets */ = {isa = PBXFileReference; lastKnownFileType = folder.assetcatalog; path = Assets.xcassets; sourceTree = "<group>"; };
		BBB650BF26A428340048E7EA /* Preview Assets.xcassets */ = {isa = PBXFileReference; lastKnownFileType = folder.assetcatalog; path = "Preview Assets.xcassets"; sourceTree = "<group>"; };
		BBB650C126A428340048E7EA /* Info.plist */ = {isa = PBXFileReference; lastKnownFileType = text.plist.xml; path = Info.plist; sourceTree = "<group>"; };
		BBB650C626A428340048E7EA /* Dicee-SwiftUITests.xctest */ = {isa = PBXFileReference; explicitFileType = wrapper.cfbundle; includeInIndex = 0; path = "Dicee-SwiftUITests.xctest"; sourceTree = BUILT_PRODUCTS_DIR; };
		BBB650CA26A428340048E7EA /* Dicee_SwiftUITests.swift */ = {isa = PBXFileReference; lastKnownFileType = sourcecode.swift; path = Dicee_SwiftUITests.swift; sourceTree = "<group>"; };
		BBB650CC26A428340048E7EA /* Info.plist */ = {isa = PBXFileReference; lastKnownFileType = text.plist.xml; path = Info.plist; sourceTree = "<group>"; };
		BBB650D126A428340048E7EA /* Dicee-SwiftUIUITests.xctest */ = {isa = PBXFileReference; explicitFileType = wrapper.cfbundle; includeInIndex = 0; path = "Dicee-SwiftUIUITests.xctest"; sourceTree = BUILT_PRODUCTS_DIR; };
		BBB650D526A428340048E7EA /* Dicee_SwiftUIUITests.swift */ = {isa = PBXFileReference; lastKnownFileType = sourcecode.swift; path = Dicee_SwiftUIUITests.swift; sourceTree = "<group>"; };
		BBB650D726A428340048E7EA /* Info.plist */ = {isa = PBXFileReference; lastKnownFileType = text.plist.xml; path = Info.plist; sourceTree = "<group>"; };
/* End PBXFileReference section */

/* Begin PBXFrameworksBuildPhase section */
		BBB650B226A428310048E7EA /* Frameworks */ = {
			isa = PBXFrameworksBuildPhase;
			buildActionMask = 2147483647;
			files = (
			);
			runOnlyForDeploymentPostprocessing = 0;
		};
		BBB650C326A428340048E7EA /* Frameworks */ = {
			isa = PBXFrameworksBuildPhase;
			buildActionMask = 2147483647;
			files = (
			);
			runOnlyForDeploymentPostprocessing = 0;
		};
		BBB650CE26A428340048E7EA /* Frameworks */ = {
			isa = PBXFrameworksBuildPhase;
			buildActionMask = 2147483647;
			files = (
			);
			runOnlyForDeploymentPostprocessing = 0;
		};
/* End PBXFrameworksBuildPhase section */

/* Begin PBXGroup section */
		BBB650AC26A428310048E7EA = {
			isa = PBXGroup;
			children = (
				BBB650B726A428310048E7EA /* Dicee-SwiftUI */,
				BBB650C926A428340048E7EA /* Dicee-SwiftUITests */,
				BBB650D426A428340048E7EA /* Dicee-SwiftUIUITests */,
				BBB650B626A428310048E7EA /* Products */,
			);
			sourceTree = "<group>";
		};
		BBB650B626A428310048E7EA /* Products */ = {
			isa = PBXGroup;
			children = (
				BBB650B526A428310048E7EA /* Dicee-SwiftUI.app */,
				BBB650C626A428340048E7EA /* Dicee-SwiftUITests.xctest */,
				BBB650D126A428340048E7EA /* Dicee-SwiftUIUITests.xctest */,
			);
			name = Products;
			sourceTree = "<group>";
		};
		BBB650B726A428310048E7EA /* Dicee-SwiftUI */ = {
			isa = PBXGroup;
			children = (
				BBB650B826A428310048E7EA /* Dicee_SwiftUIApp.swift */,
				BBB650BA26A428310048E7EA /* ContentView.swift */,
				BBB650BC26A428340048E7EA /* Assets.xcassets */,
				BBB650C126A428340048E7EA /* Info.plist */,
				BBB650BE26A428340048E7EA /* Preview Content */,
			);
			path = "Dicee-SwiftUI";
			sourceTree = "<group>";
		};
		BBB650BE26A428340048E7EA /* Preview Content */ = {
			isa = PBXGroup;
			children = (
				BBB650BF26A428340048E7EA /* Preview Assets.xcassets */,
			);
			path = "Preview Content";
			sourceTree = "<group>";
		};
		BBB650C926A428340048E7EA /* Dicee-SwiftUITests */ = {
			isa = PBXGroup;
			children = (
				BBB650CA26A428340048E7EA /* Dicee_SwiftUITests.swift */,
				BBB650CC26A428340048E7EA /* Info.plist */,
			);
			path = "Dicee-SwiftUITests";
			sourceTree = "<group>";
		};
		BBB650D426A428340048E7EA /* Dicee-SwiftUIUITests */ = {
			isa = PBXGroup;
			children = (
				BBB650D526A428340048E7EA /* Dicee_SwiftUIUITests.swift */,
				BBB650D726A428340048E7EA /* Info.plist */,
			);
			path = "Dicee-SwiftUIUITests";
			sourceTree = "<group>";
		};
/* End PBXGroup section */

/* Begin PBXNativeTarget section */
		BBB650B426A428310048E7EA /* Dicee-SwiftUI */ = {
			isa = PBXNativeTarget;
			buildConfigurationList = BBB650DA26A428340048E7EA /* Build configuration list for PBXNativeTarget "Dicee-SwiftUI" */;
			buildPhases = (
				BBB650B126A428310048E7EA /* Sources */,
				BBB650B226A428310048E7EA /* Frameworks */,
				BBB650B326A428310048E7EA /* Resources */,
			);
			buildRules = (
			);
			dependencies = (
			);
			name = "Dicee-SwiftUI";
			productName = "Dicee-SwiftUI";
			productReference = BBB650B526A428310048E7EA /* Dicee-SwiftUI.app */;
			productType = "com.apple.product-type.application";
		};
		BBB650C526A428340048E7EA /* Dicee-SwiftUITests */ = {
			isa = PBXNativeTarget;
			buildConfigurationList = BBB650DD26A428340048E7EA /* Build configuration list for PBXNativeTarget "Dicee-SwiftUITests" */;
			buildPhases = (
				BBB650C226A428340048E7EA /* Sources */,
				BBB650C326A428340048E7EA /* Frameworks */,
				BBB650C426A428340048E7EA /* Resources */,
			);
			buildRules = (
			);
			dependencies = (
				BBB650C826A428340048E7EA /* PBXTargetDependency */,
			);
			name = "Dicee-SwiftUITests";
			productName = "Dicee-SwiftUITests";
			productReference = BBB650C626A428340048E7EA /* Dicee-SwiftUITests.xctest */;
			productType = "com.apple.product-type.bundle.unit-test";
		};
		BBB650D026A428340048E7EA /* Dicee-SwiftUIUITests */ = {
			isa = PBXNativeTarget;
			buildConfigurationList = BBB650E026A428340048E7EA /* Build configuration list for PBXNativeTarget "Dicee-SwiftUIUITests" */;
			buildPhases = (
				BBB650CD26A428340048E7EA /* Sources */,
				BBB650CE26A428340048E7EA /* Frameworks */,
				BBB650CF26A428340048E7EA /* Resources */,
			);
			buildRules = (
			);
			dependencies = (
				BBB650D326A428340048E7EA /* PBXTargetDependency */,
			);
			name = "Dicee-SwiftUIUITests";
			productName = "Dicee-SwiftUIUITests";
			productReference = BBB650D126A428340048E7EA /* Dicee-SwiftUIUITests.xctest */;
			productType = "com.apple.product-type.bundle.ui-testing";
		};
/* End PBXNativeTarget section */

/* Begin PBXProject section */
		BBB650AD26A428310048E7EA /* Project object */ = {
			isa = PBXProject;
			attributes = {
				LastSwiftUpdateCheck = 1250;
				LastUpgradeCheck = 1250;
				TargetAttributes = {
					BBB650B426A428310048E7EA = {
						CreatedOnToolsVersion = 12.5.1;
					};
					BBB650C526A428340048E7EA = {
						CreatedOnToolsVersion = 12.5.1;
						TestTargetID = BBB650B426A428310048E7EA;
					};
					BBB650D026A428340048E7EA = {
						CreatedOnToolsVersion = 12.5.1;
						TestTargetID = BBB650B426A428310048E7EA;
					};
				};
			};
			buildConfigurationList = BBB650B026A428310048E7EA /* Build configuration list for PBXProject "Dicee-SwiftUI" */;
			compatibilityVersion = "Xcode 9.3";
			developmentRegion = en;
			hasScannedForEncodings = 0;
			knownRegions = (
				en,
				Base,
			);
			mainGroup = BBB650AC26A428310048E7EA;
			productRefGroup = BBB650B626A428310048E7EA /* Products */;
			projectDirPath = "";
			projectRoot = "";
			targets = (
				BBB650B426A428310048E7EA /* Dicee-SwiftUI */,
				BBB650C526A428340048E7EA /* Dicee-SwiftUITests */,
				BBB650D026A428340048E7EA /* Dicee-SwiftUIUITests */,
			);
		};
/* End PBXProject section */

/* Begin PBXResourcesBuildPhase section */
		BBB650B326A428310048E7EA /* Resources */ = {
			isa = PBXResourcesBuildPhase;
			buildActionMask = 2147483647;
			files = (
				BBB650C026A428340048E7EA /* Preview Assets.xcassets in Resources */,
				BBB650BD26A428340048E7EA /* Assets.xcassets in Resources */,
			);
			runOnlyForDeploymentPostprocessing = 0;
		};
		BBB650C426A428340048E7EA /* Resources */ = {
			isa = PBXResourcesBuildPhase;
			buildActionMask = 2147483647;
			files = (
			);
			runOnlyForDeploymentPostprocessing = 0;
		};
		BBB650CF26A428340048E7EA /* Resources */ = {
			isa = PBXResourcesBuildPhase;
			buildActionMask = 2147483647;
			files = (
			);
			runOnlyForDeploymentPostprocessing = 0;
		};
/* End PBXResourcesBuildPhase section */

/* Begin PBXSourcesBuildPhase section */
		BBB650B126A428310048E7EA /* Sources */ = {
			isa = PBXSourcesBuildPhase;
			buildActionMask = 2147483647;
			files = (
				BBB650BB26A428310048E7EA /* ContentView.swift in Sources */,
				BBB650B926A428310048E7EA /* Dicee_SwiftUIApp.swift in Sources */,
			);
			runOnlyForDeploymentPostprocessing = 0;
		};
		BBB650C226A428340048E7EA /* Sources */ = {
			isa = PBXSourcesBuildPhase;
			buildActionMask = 2147483647;
			files = (
				BBB650CB26A428340048E7EA /* Dicee_SwiftUITests.swift in Sources */,
			);
			runOnlyForDeploymentPostprocessing = 0;
		};
		BBB650CD26A428340048E7EA /* Sources */ = {
			isa = PBXSourcesBuildPhase;
			buildActionMask = 2147483647;
			files = (
				BBB650D626A428340048E7EA /* Dicee_SwiftUIUITests.swift in Sources */,
			);
			runOnlyForDeploymentPostprocessing = 0;
		};
/* End PBXSourcesBuildPhase section */

/* Begin PBXTargetDependency section */
		BBB650C826A428340048E7EA /* PBXTargetDependency */ = {
			isa = PBXTargetDependency;
			target = BBB650B426A428310048E7EA /* Dicee-SwiftUI */;
			targetProxy = BBB650C726A428340048E7EA /* PBXContainerItemProxy */;
		};
		BBB650D326A428340048E7EA /* PBXTargetDependency */ = {
			isa = PBXTargetDependency;
			target = BBB650B426A428310048E7EA /* Dicee-SwiftUI */;
			targetProxy = BBB650D226A428340048E7EA /* PBXContainerItemProxy */;
		};
/* End PBXTargetDependency section */

/* Begin XCBuildConfiguration section */
		BBB650D826A428340048E7EA /* Debug */ = {
			isa = XCBuildConfiguration;
			buildSettings = {
				ALWAYS_SEARCH_USER_PATHS = NO;
				CLANG_ANALYZER_NONNULL = YES;
				CLANG_ANALYZER_NUMBER_OBJECT_CONVERSION = YES_AGGRESSIVE;
				CLANG_CXX_LANGUAGE_STANDARD = "gnu++14";
				CLANG_CXX_LIBRARY = "libc++";
				CLANG_ENABLE_MODULES = YES;
				CLANG_ENABLE_OBJC_ARC = YES;
				CLANG_ENABLE_OBJC_WEAK = YES;
				CLANG_WARN_BLOCK_CAPTURE_AUTORELEASING = YES;
				CLANG_WARN_BOOL_CONVERSION = YES;
				CLANG_WARN_COMMA = YES;
				CLANG_WARN_CONSTANT_CONVERSION = YES;
				CLANG_WARN_DEPRECATED_OBJC_IMPLEMENTATIONS = YES;
				CLANG_WARN_DIRECT_OBJC_ISA_USAGE = YES_ERROR;
				CLANG_WARN_DOCUMENTATION_COMMENTS = YES;
				CLANG_WARN_EMPTY_BODY = YES;
				CLANG_WARN_ENUM_CONVERSION = YES;
				CLANG_WARN_INFINITE_RECURSION = YES;
				CLANG_WARN_INT_CONVERSION = YES;
				CLANG_WARN_NON_LITERAL_NULL_CONVERSION = YES;
				CLANG_WARN_OBJC_IMPLICIT_RETAIN_SELF = YES;
				CLANG_WARN_OBJC_LITERAL_CONVERSION = YES;
				CLANG_WARN_OBJC_ROOT_CLASS = YES_ERROR;
				CLANG_WARN_QUOTED_INCLUDE_IN_FRAMEWORK_HEADER = YES;
				CLANG_WARN_RANGE_LOOP_ANALYSIS = YES;
				CLANG_WARN_STRICT_PROTOTYPES = YES;
				CLANG_WARN_SUSPICIOUS_MOVE = YES;
				CLANG_WARN_UNGUARDED_AVAILABILITY = YES_AGGRESSIVE;
				CLANG_WARN_UNREACHABLE_CODE = YES;
				CLANG_WARN__DUPLICATE_METHOD_MATCH = YES;
				COPY_PHASE_STRIP = NO;
				DEBUG_INFORMATION_FORMAT = dwarf;
				ENABLE_STRICT_OBJC_MSGSEND = YES;
				ENABLE_TESTABILITY = YES;
				GCC_C_LANGUAGE_STANDARD = gnu11;
				GCC_DYNAMIC_NO_PIC = NO;
				GCC_NO_COMMON_BLOCKS = YES;
				GCC_OPTIMIZATION_LEVEL = 0;
				GCC_PREPROCESSOR_DEFINITIONS = (
					"DEBUG=1",
					"$(inherited)",
				);
				GCC_WARN_64_TO_32_BIT_CONVERSION = YES;
				GCC_WARN_ABOUT_RETURN_TYPE = YES_ERROR;
				GCC_WARN_UNDECLARED_SELECTOR = YES;
				GCC_WARN_UNINITIALIZED_AUTOS = YES_AGGRESSIVE;
				GCC_WARN_UNUSED_FUNCTION = YES;
				GCC_WARN_UNUSED_VARIABLE = YES;
				IPHONEOS_DEPLOYMENT_TARGET = 14.5;
				MTL_ENABLE_DEBUG_INFO = INCLUDE_SOURCE;
				MTL_FAST_MATH = YES;
				ONLY_ACTIVE_ARCH = YES;
				SDKROOT = iphoneos;
				SWIFT_ACTIVE_COMPILATION_CONDITIONS = DEBUG;
				SWIFT_OPTIMIZATION_LEVEL = "-Onone";
			};
			name = Debug;
		};
		BBB650D926A428340048E7EA /* Release */ = {
			isa = XCBuildConfiguration;
			buildSettings = {
				ALWAYS_SEARCH_USER_PATHS = NO;
				CLANG_ANALYZER_NONNULL = YES;
				CLANG_ANALYZER_NUMBER_OBJECT_CONVERSION = YES_AGGRESSIVE;
				CLANG_CXX_LANGUAGE_STANDARD = "gnu++14";
				CLANG_CXX_LIBRARY = "libc++";
				CLANG_ENABLE_MODULES = YES;
				CLANG_ENABLE_OBJC_ARC = YES;
				CLANG_ENABLE_OBJC_WEAK = YES;
				CLANG_WARN_BLOCK_CAPTURE_AUTORELEASING = YES;
				CLANG_WARN_BOOL_CONVERSION = YES;
				CLANG_WARN_COMMA = YES;
				CLANG_WARN_CONSTANT_CONVERSION = YES;
				CLANG_WARN_DEPRECATED_OBJC_IMPLEMENTATIONS = YES;
				CLANG_WARN_DIRECT_OBJC_ISA_USAGE = YES_ERROR;
				CLANG_WARN_DOCUMENTATION_COMMENTS = YES;
				CLANG_WARN_EMPTY_BODY = YES;
				CLANG_WARN_ENUM_CONVERSION = YES;
				CLANG_WARN_INFINITE_RECURSION = YES;
				CLANG_WARN_INT_CONVERSION = YES;
				CLANG_WARN_NON_LITERAL_NULL_CONVERSION = YES;
				CLANG_WARN_OBJC_IMPLICIT_RETAIN_SELF = YES;
				CLANG_WARN_OBJC_LITERAL_CONVERSION = YES;
				CLANG_WARN_OBJC_ROOT_CLASS = YES_ERROR;
				CLANG_WARN_QUOTED_INCLUDE_IN_FRAMEWORK_HEADER = YES;
				CLANG_WARN_RANGE_LOOP_ANALYSIS = YES;
				CLANG_WARN_STRICT_PROTOTYPES = YES;
				CLANG_WARN_SUSPICIOUS_MOVE = YES;
				CLANG_WARN_UNGUARDED_AVAILABILITY = YES_AGGRESSIVE;
				CLANG_WARN_UNREACHABLE_CODE = YES;
				CLANG_WARN__DUPLICATE_METHOD_MATCH = YES;
				COPY_PHASE_STRIP = NO;
				DEBUG_INFORMATION_FORMAT = "dwarf-with-dsym";
				ENABLE_NS_ASSERTIONS = NO;
				ENABLE_STRICT_OBJC_MSGSEND = YES;
				GCC_C_LANGUAGE_STANDARD = gnu11;
				GCC_NO_COMMON_BLOCKS = YES;
				GCC_WARN_64_TO_32_BIT_CONVERSION = YES;
				GCC_WARN_ABOUT_RETURN_TYPE = YES_ERROR;
				GCC_WARN_UNDECLARED_SELECTOR = YES;
				GCC_WARN_UNINITIALIZED_AUTOS = YES_AGGRESSIVE;
				GCC_WARN_UNUSED_FUNCTION = YES;
				GCC_WARN_UNUSED_VARIABLE = YES;
				IPHONEOS_DEPLOYMENT_TARGET = 14.5;
				MTL_ENABLE_DEBUG_INFO = NO;
				MTL_FAST_MATH = YES;
				SDKROOT = iphoneos;
				SWIFT_COMPILATION_MODE = wholemodule;
				SWIFT_OPTIMIZATION_LEVEL = "-O";
				VALIDATE_PRODUCT = YES;
			};
			name = Release;
		};
		BBB650DB26A428340048E7EA /* Debug */ = {
			isa = XCBuildConfiguration;
			buildSettings = {
				ASSETCATALOG_COMPILER_APPICON_NAME = AppIcon;
				ASSETCATALOG_COMPILER_GLOBAL_ACCENT_COLOR_NAME = AccentColor;
				CODE_SIGN_STYLE = Automatic;
				DEVELOPMENT_ASSET_PATHS = "\"Dicee-SwiftUI/Preview Content\"";
				DEVELOPMENT_TEAM = NGDVVLJ25F;
				ENABLE_PREVIEWS = YES;
				INFOPLIST_FILE = "Dicee-SwiftUI/Info.plist";
				IPHONEOS_DEPLOYMENT_TARGET = 14.0;
				LD_RUNPATH_SEARCH_PATHS = (
					"$(inherited)",
					"@executable_path/Frameworks",
				);
				PRODUCT_BUNDLE_IDENTIFIER = "Ann-Siroratt.Dicee-SwiftUI";
				PRODUCT_NAME = "$(TARGET_NAME)";
				SWIFT_VERSION = 5.0;
				TARGETED_DEVICE_FAMILY = "1,2";
			};
			name = Debug;
		};
		BBB650DC26A428340048E7EA /* Release */ = {
			isa = XCBuildConfiguration;
			buildSettings = {
				ASSETCATALOG_COMPILER_APPICON_NAME = AppIcon;
				ASSETCATALOG_COMPILER_GLOBAL_ACCENT_COLOR_NAME = AccentColor;
				CODE_SIGN_STYLE = Automatic;
				DEVELOPMENT_ASSET_PATHS = "\"Dicee-SwiftUI/Preview Content\"";
				DEVELOPMENT_TEAM = NGDVVLJ25F;
				ENABLE_PREVIEWS = YES;
				INFOPLIST_FILE = "Dicee-SwiftUI/Info.plist";
				IPHONEOS_DEPLOYMENT_TARGET = 14.0;
				LD_RUNPATH_SEARCH_PATHS = (
					"$(inherited)",
					"@executable_path/Frameworks",
				);
				PRODUCT_BUNDLE_IDENTIFIER = "Ann-Siroratt.Dicee-SwiftUI";
				PRODUCT_NAME = "$(TARGET_NAME)";
				SWIFT_VERSION = 5.0;
				TARGETED_DEVICE_FAMILY = "1,2";
			};
			name = Release;
		};
		BBB650DE26A428340048E7EA /* Debug */ = {
			isa = XCBuildConfiguration;
			buildSettings = {
				ALWAYS_EMBED_SWIFT_STANDARD_LIBRARIES = YES;
				BUNDLE_LOADER = "$(TEST_HOST)";
				CODE_SIGN_STYLE = Automatic;
				DEVELOPMENT_TEAM = NGDVVLJ25F;
				INFOPLIST_FILE = "Dicee-SwiftUITests/Info.plist";
				IPHONEOS_DEPLOYMENT_TARGET = 14.0;
				LD_RUNPATH_SEARCH_PATHS = (
					"$(inherited)",
					"@executable_path/Frameworks",
					"@loader_path/Frameworks",
				);
				PRODUCT_BUNDLE_IDENTIFIER = "Ann-Siroratt.Dicee-SwiftUITests";
				PRODUCT_NAME = "$(TARGET_NAME)";
				SWIFT_VERSION = 5.0;
				TARGETED_DEVICE_FAMILY = "1,2";
				TEST_HOST = "$(BUILT_PRODUCTS_DIR)/Dicee-SwiftUI.app/Dicee-SwiftUI";
			};
			name = Debug;
		};
		BBB650DF26A428340048E7EA /* Release */ = {
			isa = XCBuildConfiguration;
			buildSettings = {
				ALWAYS_EMBED_SWIFT_STANDARD_LIBRARIES = YES;
				BUNDLE_LOADER = "$(TEST_HOST)";
				CODE_SIGN_STYLE = Automatic;
				DEVELOPMENT_TEAM = NGDVVLJ25F;
				INFOPLIST_FILE = "Dicee-SwiftUITests/Info.plist";
				IPHONEOS_DEPLOYMENT_TARGET = 14.0;
				LD_RUNPATH_SEARCH_PATHS = (
					"$(inherited)",
					"@executable_path/Frameworks",
					"@loader_path/Frameworks",
				);
				PRODUCT_BUNDLE_IDENTIFIER = "Ann-Siroratt.Dicee-SwiftUITests";
				PRODUCT_NAME = "$(TARGET_NAME)";
				SWIFT_VERSION = 5.0;
				TARGETED_DEVICE_FAMILY = "1,2";
				TEST_HOST = "$(BUILT_PRODUCTS_DIR)/Dicee-SwiftUI.app/Dicee-SwiftUI";
			};
			name = Release;
		};
		BBB650E126A428340048E7EA /* Debug */ = {
			isa = XCBuildConfiguration;
			buildSettings = {
				ALWAYS_EMBED_SWIFT_STANDARD_LIBRARIES = YES;
				CODE_SIGN_STYLE = Automatic;
				DEVELOPMENT_TEAM = NGDVVLJ25F;
				INFOPLIST_FILE = "Dicee-SwiftUIUITests/Info.plist";
				LD_RUNPATH_SEARCH_PATHS = (
					"$(inherited)",
					"@executable_path/Frameworks",
					"@loader_path/Frameworks",
				);
				PRODUCT_BUNDLE_IDENTIFIER = "Ann-Siroratt.Dicee-SwiftUIUITests";
				PRODUCT_NAME = "$(TARGET_NAME)";
				SWIFT_VERSION = 5.0;
				TARGETED_DEVICE_FAMILY = "1,2";
				TEST_TARGET_NAME = "Dicee-SwiftUI";
			};
			name = Debug;
		};
		BBB650E226A428340048E7EA /* Release */ = {
			isa = XCBuildConfiguration;
			buildSettings = {
				ALWAYS_EMBED_SWIFT_STANDARD_LIBRARIES = YES;
				CODE_SIGN_STYLE = Automatic;
				DEVELOPMENT_TEAM = NGDVVLJ25F;
				INFOPLIST_FILE = "Dicee-SwiftUIUITests/Info.plist";
				LD_RUNPATH_SEARCH_PATHS = (
					"$(inherited)",
					"@executable_path/Frameworks",
					"@loader_path/Frameworks",
				);
				PRODUCT_BUNDLE_IDENTIFIER = "Ann-Siroratt.Dicee-SwiftUIUITests";
				PRODUCT_NAME = "$(TARGET_NAME)";
				SWIFT_VERSION = 5.0;
				TARGETED_DEVICE_FAMILY = "1,2";
				TEST_TARGET_NAME = "Dicee-SwiftUI";
			};
			name = Release;
		};
/* End XCBuildConfiguration section */

/* Begin XCConfigurationList section */
		BBB650B026A428310048E7EA /* Build configuration list for PBXProject "Dicee-SwiftUI" */ = {
			isa = XCConfigurationList;
			buildConfigurations = (
				BBB650D826A428340048E7EA /* Debug */,
				BBB650D926A428340048E7EA /* Release */,
			);
			defaultConfigurationIsVisible = 0;
			defaultConfigurationName = Release;
		};
		BBB650DA26A428340048E7EA /* Build configuration list for PBXNativeTarget "Dicee-SwiftUI" */ = {
			isa = XCConfigurationList;
			buildConfigurations = (
				BBB650DB26A428340048E7EA /* Debug */,
				BBB650DC26A428340048E7EA /* Release */,
			);
			defaultConfigurationIsVisible = 0;
			defaultConfigurationName = Release;
		};
		BBB650DD26A428340048E7EA /* Build configuration list for PBXNativeTarget "Dicee-SwiftUITests" */ = {
			isa = XCConfigurationList;
			buildConfigurations = (
				BBB650DE26A428340048E7EA /* Debug */,
				BBB650DF26A428340048E7EA /* Release */,
			);
			defaultConfigurationIsVisible = 0;
			defaultConfigurationName = Release;
		};
		BBB650E026A428340048E7EA /* Build configuration list for PBXNativeTarget "Dicee-SwiftUIUITests" */ = {
			isa = XCConfigurationList;
			buildConfigurations = (
				BBB650E126A428340048E7EA /* Debug */,
				BBB650E226A428340048E7EA /* Release */,
			);
			defaultConfigurationIsVisible = 0;
			defaultConfigurationName = Release;
		};
/* End XCConfigurationList section */
	};
	rootObject = BBB650AD26A428310048E7EA /* Project object */;
}
